
Microsoft Visual Studio Solution File, Format Version 12.00
# Visual Studio Version 16
VisualStudioVersion = 16.0.31112.23
MinimumVisualStudioVersion = 10.0.40219.1
Project("{9A19103F-16F7-4668-BE54-9A1E7A4F7556}") = "day02RazorBookList", "day02RazorBookList.csproj", "{040C76BA-43C2-42CE-98A9-02C0A548EA23}"
EndProject
Global
	GlobalSection(SolutionConfigurationPlatforms) = preSolution
		Debug|Any CPU = Debug|Any CPU
		Release|Any CPU = Release|Any CPU
	EndGlobalSection
	GlobalSection(ProjectConfigurationPlatforms) = postSolution
		{040C76BA-43C2-42CE-98A9-02C0A548EA23}.Debug|Any CPU.ActiveCfg = Debug|Any CPU
		{040C76BA-43C2-42CE-98A9-02C0A548EA23}.Debug|Any CPU.Build.0 = Debug|Any CPU
		{040C76BA-43C2-42CE-98A9-02C0A548EA23}.Release|Any CPU.ActiveCfg = Release|Any CPU
		{040C76BA-43C2-42CE-98A9-02C0A548EA23}.Release|Any CPU.Build.0 = Release|Any CPU
	EndGlobalSection
	GlobalSection(SolutionProperties) = preSolution
		HideSolutionNode = FALSE
	EndGlobalSection
	GlobalSection(ExtensibilityGlobals) = postSolution
		SolutionGuid = {1D1A126C-A2BF-491A-9D44-7047EBEE68D5}
	EndGlobalSection
EndGlobal
