
Microsoft Visual Studio Solution File, Format Version 12.00
# Visual Studio Version 16
VisualStudioVersion = 16.0.31112.23
MinimumVisualStudioVersion = 10.0.40219.1
Project("{FAE04EC0-301F-11D3-BF4B-00C04F79EFBC}") = "day01RazorPageUI", "day01RazorPageUI\day01RazorPageUI.csproj", "{719814CF-DE56-4CD7-B6F3-FC680793AE5F}"
EndProject
Global
	GlobalSection(SolutionConfigurationPlatforms) = preSolution
		Debug|Any CPU = Debug|Any CPU
		Release|Any CPU = Release|Any CPU
	EndGlobalSection
	GlobalSection(ProjectConfigurationPlatforms) = postSolution
		{719814CF-DE56-4CD7-B6F3-FC680793AE5F}.Debug|Any CPU.ActiveCfg = Debug|Any CPU
		{719814CF-DE56-4CD7-B6F3-FC680793AE5F}.Debug|Any CPU.Build.0 = Debug|Any CPU
		{719814CF-DE56-4CD7-B6F3-FC680793AE5F}.Release|Any CPU.ActiveCfg = Release|Any CPU
		{719814CF-DE56-4CD7-B6F3-FC680793AE5F}.Release|Any CPU.Build.0 = Release|Any CPU
	EndGlobalSection
	GlobalSection(SolutionProperties) = preSolution
		HideSolutionNode = FALSE
	EndGlobalSection
	GlobalSection(ExtensibilityGlobals) = postSolution
		SolutionGuid = {CD816281-89AF-4E8C-ADD6-6D31CBB5A8F7}
	EndGlobalSection
EndGlobal
